
Microsoft Visual Studio Solution File, Format Version 12.00
# Visual Studio Version 17
VisualStudioVersion = 17.10.34902.84
MinimumVisualStudioVersion = 10.0.40219.1
Project("{FAE04EC0-301F-11D3-BF4B-00C04F79EFBC}") = "assignment04", "assignment04.csproj", "{56EB2037-CABC-4FF8-A9AC-6335CE63B7DF}"
EndProject
Global
	GlobalSection(SolutionConfigurationPlatforms) = preSolution
		Debug|Any CPU = Debug|Any CPU
		Release|Any CPU = Release|Any CPU
	EndGlobalSection
	GlobalSection(ProjectConfigurationPlatforms) = postSolution
		{56EB2037-CABC-4FF8-A9AC-6335CE63B7DF}.Debug|Any CPU.ActiveCfg = Debug|Any CPU
		{56EB2037-CABC-4FF8-A9AC-6335CE63B7DF}.Debug|Any CPU.Build.0 = Debug|Any CPU
		{56EB2037-CABC-4FF8-A9AC-6335CE63B7DF}.Release|Any CPU.ActiveCfg = Release|Any CPU
		{56EB2037-CABC-4FF8-A9AC-6335CE63B7DF}.Release|Any CPU.Build.0 = Release|Any CPU
	EndGlobalSection
	GlobalSection(SolutionProperties) = preSolution
		HideSolutionNode = FALSE
	EndGlobalSection
	GlobalSection(ExtensibilityGlobals) = postSolution
		SolutionGuid = {A88990A1-6646-4658-99E1-7BC5719ECF38}
	EndGlobalSection
EndGlobal
